// !$*UTF8*$!
{
	archiveVersion = 1;
	classes = {
	};
	objectVersion = 56;
	objects = {

/* Begin PBXBuildFile section */
		508E82242BECA00300875A4A /* AppDelegate.swift in Sources */ = {isa = PBXBuildFile; fileRef = 508E82232BECA00300875A4A /* AppDelegate.swift */; };
		508E82262BECA00300875A4A /* SceneDelegate.swift in Sources */ = {isa = PBXBuildFile; fileRef = 508E82252BECA00300875A4A /* SceneDelegate.swift */; };
		508E82282BECA00300875A4A /* ViewController.swift in Sources */ = {isa = PBXBuildFile; fileRef = 508E82272BECA00300875A4A /* ViewController.swift */; };
		508E822B2BECA00300875A4A /* Base in Resources */ = {isa = PBXBuildFile; fileRef = 508E822A2BECA00300875A4A /* Base */; };
		508E822E2BECA00300875A4A /* GodoyColeccionDeJuegos.xcdatamodeld in Sources */ = {isa = PBXBuildFile; fileRef = 508E822C2BECA00300875A4A /* GodoyColeccionDeJuegos.xcdatamodeld */; };
		508E82302BECA00500875A4A /* Assets.xcassets in Resources */ = {isa = PBXBuildFile; fileRef = 508E822F2BECA00500875A4A /* Assets.xcassets */; };
		508E82332BECA00500875A4A /* Base in Resources */ = {isa = PBXBuildFile; fileRef = 508E82322BECA00500875A4A /* Base */; };
		508E823E2BECA00500875A4A /* GodoyColeccionDeJuegosTests.swift in Sources */ = {isa = PBXBuildFile; fileRef = 508E823D2BECA00500875A4A /* GodoyColeccionDeJuegosTests.swift */; };
		508E82482BECA00600875A4A /* GodoyColeccionDeJuegosUITests.swift in Sources */ = {isa = PBXBuildFile; fileRef = 508E82472BECA00600875A4A /* GodoyColeccionDeJuegosUITests.swift */; };
		508E824A2BECA00600875A4A /* GodoyColeccionDeJuegosUITestsLaunchTests.swift in Sources */ = {isa = PBXBuildFile; fileRef = 508E82492BECA00600875A4A /* GodoyColeccionDeJuegosUITestsLaunchTests.swift */; };
/* End PBXBuildFile section */

/* Begin PBXContainerItemProxy section */
		508E823A2BECA00500875A4A /* PBXContainerItemProxy */ = {
			isa = PBXContainerItemProxy;
			containerPortal = 508E82182BECA00300875A4A /* Project object */;
			proxyType = 1;
			remoteGlobalIDString = 508E821F2BECA00300875A4A;
			remoteInfo = GodoyColeccionDeJuegos;
		};
		508E82442BECA00600875A4A /* PBXContainerItemProxy */ = {
			isa = PBXContainerItemProxy;
			containerPortal = 508E82182BECA00300875A4A /* Project object */;
			proxyType = 1;
			remoteGlobalIDString = 508E821F2BECA00300875A4A;
			remoteInfo = GodoyColeccionDeJuegos;
		};
/* End PBXContainerItemProxy section */

/* Begin PBXFileReference section */
		508E82202BECA00300875A4A /* GodoyColeccionDeJuegos.app */ = {isa = PBXFileReference; explicitFileType = wrapper.application; includeInIndex = 0; path = GodoyColeccionDeJuegos.app; sourceTree = BUILT_PRODUCTS_DIR; };
		508E82232BECA00300875A4A /* AppDelegate.swift */ = {isa = PBXFileReference; lastKnownFileType = sourcecode.swift; path = AppDelegate.swift; sourceTree = "<group>"; };
		508E82252BECA00300875A4A /* SceneDelegate.swift */ = {isa = PBXFileReference; lastKnownFileType = sourcecode.swift; path = SceneDelegate.swift; sourceTree = "<group>"; };
		508E82272BECA00300875A4A /* ViewController.swift */ = {isa = PBXFileReference; lastKnownFileType = sourcecode.swift; path = ViewController.swift; sourceTree = "<group>"; };
		508E822A2BECA00300875A4A /* Base */ = {isa = PBXFileReference; lastKnownFileType = file.storyboard; name = Base; path = Base.lproj/Main.storyboard; sourceTree = "<group>"; };
		508E822D2BECA00300875A4A /* GodoyColeccionDeJuegos.xcdatamodel */ = {isa = PBXFileReference; lastKnownFileType = wrapper.xcdatamodel; path = GodoyColeccionDeJuegos.xcdatamodel; sourceTree = "<group>"; };
		508E822F2BECA00500875A4A /* Assets.xcassets */ = {isa = PBXFileReference; lastKnownFileType = folder.assetcatalog; path = Assets.xcassets; sourceTree = "<group>"; };
		508E82322BECA00500875A4A /* Base */ = {isa = PBXFileReference; lastKnownFileType = file.storyboard; name = Base; path = Base.lproj/LaunchScreen.storyboard; sourceTree = "<group>"; };
		508E82342BECA00500875A4A /* Info.plist */ = {isa = PBXFileReference; lastKnownFileType = text.plist.xml; path = Info.plist; sourceTree = "<group>"; };
		508E82392BECA00500875A4A /* GodoyColeccionDeJuegosTests.xctest */ = {isa = PBXFileReference; explicitFileType = wrapper.cfbundle; includeInIndex = 0; path = GodoyColeccionDeJuegosTests.xctest; sourceTree = BUILT_PRODUCTS_DIR; };
		508E823D2BECA00500875A4A /* GodoyColeccionDeJuegosTests.swift */ = {isa = PBXFileReference; lastKnownFileType = sourcecode.swift; path = GodoyColeccionDeJuegosTests.swift; sourceTree = "<group>"; };
		508E82432BECA00600875A4A /* GodoyColeccionDeJuegosUITests.xctest */ = {isa = PBXFileReference; explicitFileType = wrapper.cfbundle; includeInIndex = 0; path = GodoyColeccionDeJuegosUITests.xctest; sourceTree = BUILT_PRODUCTS_DIR; };
		508E82472BECA00600875A4A /* GodoyColeccionDeJuegosUITests.swift */ = {isa = PBXFileReference; lastKnownFileType = sourcecode.swift; path = GodoyColeccionDeJuegosUITests.swift; sourceTree = "<group>"; };
		508E82492BECA00600875A4A /* GodoyColeccionDeJuegosUITestsLaunchTests.swift */ = {isa = PBXFileReference; lastKnownFileType = sourcecode.swift; path = GodoyColeccionDeJuegosUITestsLaunchTests.swift; sourceTree = "<group>"; };
/* End PBXFileReference section */

/* Begin PBXFrameworksBuildPhase section */
		508E821D2BECA00300875A4A /* Frameworks */ = {
			isa = PBXFrameworksBuildPhase;
			buildActionMask = 2147483647;
			files = (
			);
			runOnlyForDeploymentPostprocessing = 0;
		};
		508E82362BECA00500875A4A /* Frameworks */ = {
			isa = PBXFrameworksBuildPhase;
			buildActionMask = 2147483647;
			files = (
			);
			runOnlyForDeploymentPostprocessing = 0;
		};
		508E82402BECA00600875A4A /* Frameworks */ = {
			isa = PBXFrameworksBuildPhase;
			buildActionMask = 2147483647;
			files = (
			);
			runOnlyForDeploymentPostprocessing = 0;
		};
/* End PBXFrameworksBuildPhase section */

/* Begin PBXGroup section */
		508E82172BECA00300875A4A = {
			isa = PBXGroup;
			children = (
				508E82222BECA00300875A4A /* GodoyColeccionDeJuegos */,
				508E823C2BECA00500875A4A /* GodoyColeccionDeJuegosTests */,
				508E82462BECA00600875A4A /* GodoyColeccionDeJuegosUITests */,
				508E82212BECA00300875A4A /* Products */,
			);
			sourceTree = "<group>";
		};
		508E82212BECA00300875A4A /* Products */ = {
			isa = PBXGroup;
			children = (
				508E82202BECA00300875A4A /* GodoyColeccionDeJuegos.app */,
				508E82392BECA00500875A4A /* GodoyColeccionDeJuegosTests.xctest */,
				508E82432BECA00600875A4A /* GodoyColeccionDeJuegosUITests.xctest */,
			);
			name = Products;
			sourceTree = "<group>";
		};
		508E82222BECA00300875A4A /* GodoyColeccionDeJuegos */ = {
			isa = PBXGroup;
			children = (
				508E82232BECA00300875A4A /* AppDelegate.swift */,
				508E82252BECA00300875A4A /* SceneDelegate.swift */,
				508E82272BECA00300875A4A /* ViewController.swift */,
				508E82292BECA00300875A4A /* Main.storyboard */,
				508E822F2BECA00500875A4A /* Assets.xcassets */,
				508E82312BECA00500875A4A /* LaunchScreen.storyboard */,
				508E82342BECA00500875A4A /* Info.plist */,
				508E822C2BECA00300875A4A /* GodoyColeccionDeJuegos.xcdatamodeld */,
			);
			path = GodoyColeccionDeJuegos;
			sourceTree = "<group>";
		};
		508E823C2BECA00500875A4A /* GodoyColeccionDeJuegosTests */ = {
			isa = PBXGroup;
			children = (
				508E823D2BECA00500875A4A /* GodoyColeccionDeJuegosTests.swift */,
			);
			path = GodoyColeccionDeJuegosTests;
			sourceTree = "<group>";
		};
		508E82462BECA00600875A4A /* GodoyColeccionDeJuegosUITests */ = {
			isa = PBXGroup;
			children = (
				508E82472BECA00600875A4A /* GodoyColeccionDeJuegosUITests.swift */,
				508E82492BECA00600875A4A /* GodoyColeccionDeJuegosUITestsLaunchTests.swift */,
			);
			path = GodoyColeccionDeJuegosUITests;
			sourceTree = "<group>";
		};
/* End PBXGroup section */

/* Begin PBXNativeTarget section */
		508E821F2BECA00300875A4A /* GodoyColeccionDeJuegos */ = {
			isa = PBXNativeTarget;
			buildConfigurationList = 508E824D2BECA00600875A4A /* Build configuration list for PBXNativeTarget "GodoyColeccionDeJuegos" */;
			buildPhases = (
				508E821C2BECA00300875A4A /* Sources */,
				508E821D2BECA00300875A4A /* Frameworks */,
				508E821E2BECA00300875A4A /* Resources */,
			);
			buildRules = (
			);
			dependencies = (
			);
			name = GodoyColeccionDeJuegos;
			productName = GodoyColeccionDeJuegos;
			productReference = 508E82202BECA00300875A4A /* GodoyColeccionDeJuegos.app */;
			productType = "com.apple.product-type.application";
		};
		508E82382BECA00500875A4A /* GodoyColeccionDeJuegosTests */ = {
			isa = PBXNativeTarget;
			buildConfigurationList = 508E82502BECA00600875A4A /* Build configuration list for PBXNativeTarget "GodoyColeccionDeJuegosTests" */;
			buildPhases = (
				508E82352BECA00500875A4A /* Sources */,
				508E82362BECA00500875A4A /* Frameworks */,
				508E82372BECA00500875A4A /* Resources */,
			);
			buildRules = (
			);
			dependencies = (
				508E823B2BECA00500875A4A /* PBXTargetDependency */,
			);
			name = GodoyColeccionDeJuegosTests;
			productName = GodoyColeccionDeJuegosTests;
			productReference = 508E82392BECA00500875A4A /* GodoyColeccionDeJuegosTests.xctest */;
			productType = "com.apple.product-type.bundle.unit-test";
		};
		508E82422BECA00600875A4A /* GodoyColeccionDeJuegosUITests */ = {
			isa = PBXNativeTarget;
			buildConfigurationList = 508E82532BECA00600875A4A /* Build configuration list for PBXNativeTarget "GodoyColeccionDeJuegosUITests" */;
			buildPhases = (
				508E823F2BECA00600875A4A /* Sources */,
				508E82402BECA00600875A4A /* Frameworks */,
				508E82412BECA00600875A4A /* Resources */,
			);
			buildRules = (
			);
			dependencies = (
				508E82452BECA00600875A4A /* PBXTargetDependency */,
			);
			name = GodoyColeccionDeJuegosUITests;
			productName = GodoyColeccionDeJuegosUITests;
			productReference = 508E82432BECA00600875A4A /* GodoyColeccionDeJuegosUITests.xctest */;
			productType = "com.apple.product-type.bundle.ui-testing";
		};
/* End PBXNativeTarget section */

/* Begin PBXProject section */
		508E82182BECA00300875A4A /* Project object */ = {
			isa = PBXProject;
			attributes = {
				BuildIndependentTargetsInParallel = 1;
				LastSwiftUpdateCheck = 1530;
				LastUpgradeCheck = 1530;
				TargetAttributes = {
					508E821F2BECA00300875A4A = {
						CreatedOnToolsVersion = 15.3;
					};
					508E82382BECA00500875A4A = {
						CreatedOnToolsVersion = 15.3;
						TestTargetID = 508E821F2BECA00300875A4A;
					};
					508E82422BECA00600875A4A = {
						CreatedOnToolsVersion = 15.3;
						TestTargetID = 508E821F2BECA00300875A4A;
					};
				};
			};
			buildConfigurationList = 508E821B2BECA00300875A4A /* Build configuration list for PBXProject "GodoyColeccionDeJuegos" */;
			compatibilityVersion = "Xcode 14.0";
			developmentRegion = en;
			hasScannedForEncodings = 0;
			knownRegions = (
				en,
				Base,
			);
			mainGroup = 508E82172BECA00300875A4A;
			productRefGroup = 508E82212BECA00300875A4A /* Products */;
			projectDirPath = "";
			projectRoot = "";
			targets = (
				508E821F2BECA00300875A4A /* GodoyColeccionDeJuegos */,
				508E82382BECA00500875A4A /* GodoyColeccionDeJuegosTests */,
				508E82422BECA00600875A4A /* GodoyColeccionDeJuegosUITests */,
			);
		};
/* End PBXProject section */

/* Begin PBXResourcesBuildPhase section */
		508E821E2BECA00300875A4A /* Resources */ = {
			isa = PBXResourcesBuildPhase;
			buildActionMask = 2147483647;
			files = (
				508E82302BECA00500875A4A /* Assets.xcassets in Resources */,
				508E82332BECA00500875A4A /* Base in Resources */,
				508E822B2BECA00300875A4A /* Base in Resources */,
			);
			runOnlyForDeploymentPostprocessing = 0;
		};
		508E82372BECA00500875A4A /* Resources */ = {
			isa = PBXResourcesBuildPhase;
			buildActionMask = 2147483647;
			files = (
			);
			runOnlyForDeploymentPostprocessing = 0;
		};
		508E82412BECA00600875A4A /* Resources */ = {
			isa = PBXResourcesBuildPhase;
			buildActionMask = 2147483647;
			files = (
			);
			runOnlyForDeploymentPostprocessing = 0;
		};
/* End PBXResourcesBuildPhase section */

/* Begin PBXSourcesBuildPhase section */
		508E821C2BECA00300875A4A /* Sources */ = {
			isa = PBXSourcesBuildPhase;
			buildActionMask = 2147483647;
			files = (
				508E82282BECA00300875A4A /* ViewController.swift in Sources */,
				508E82242BECA00300875A4A /* AppDelegate.swift in Sources */,
				508E822E2BECA00300875A4A /* GodoyColeccionDeJuegos.xcdatamodeld in Sources */,
				508E82262BECA00300875A4A /* SceneDelegate.swift in Sources */,
			);
			runOnlyForDeploymentPostprocessing = 0;
		};
		508E82352BECA00500875A4A /* Sources */ = {
			isa = PBXSourcesBuildPhase;
			buildActionMask = 2147483647;
			files = (
				508E823E2BECA00500875A4A /* GodoyColeccionDeJuegosTests.swift in Sources */,
			);
			runOnlyForDeploymentPostprocessing = 0;
		};
		508E823F2BECA00600875A4A /* Sources */ = {
			isa = PBXSourcesBuildPhase;
			buildActionMask = 2147483647;
			files = (
				508E82482BECA00600875A4A /* GodoyColeccionDeJuegosUITests.swift in Sources */,
				508E824A2BECA00600875A4A /* GodoyColeccionDeJuegosUITestsLaunchTests.swift in Sources */,
			);
			runOnlyForDeploymentPostprocessing = 0;
		};
/* End PBXSourcesBuildPhase section */

/* Begin PBXTargetDependency section */
		508E823B2BECA00500875A4A /* PBXTargetDependency */ = {
			isa = PBXTargetDependency;
			target = 508E821F2BECA00300875A4A /* GodoyColeccionDeJuegos */;
			targetProxy = 508E823A2BECA00500875A4A /* PBXContainerItemProxy */;
		};
		508E82452BECA00600875A4A /* PBXTargetDependency */ = {
			isa = PBXTargetDependency;
			target = 508E821F2BECA00300875A4A /* GodoyColeccionDeJuegos */;
			targetProxy = 508E82442BECA00600875A4A /* PBXContainerItemProxy */;
		};
/* End PBXTargetDependency section */

/* Begin PBXVariantGroup section */
		508E82292BECA00300875A4A /* Main.storyboard */ = {
			isa = PBXVariantGroup;
			children = (
				508E822A2BECA00300875A4A /* Base */,
			);
			name = Main.storyboard;
			sourceTree = "<group>";
		};
		508E82312BECA00500875A4A /* LaunchScreen.storyboard */ = {
			isa = PBXVariantGroup;
			children = (
				508E82322BECA00500875A4A /* Base */,
			);
			name = LaunchScreen.storyboard;
			sourceTree = "<group>";
		};
/* End PBXVariantGroup section */

/* Begin XCBuildConfiguration section */
		508E824B2BECA00600875A4A /* Debug */ = {
			isa = XCBuildConfiguration;
			buildSettings = {
				ALWAYS_SEARCH_USER_PATHS = NO;
				ASSETCATALOG_COMPILER_GENERATE_SWIFT_ASSET_SYMBOL_EXTENSIONS = YES;
				CLANG_ANALYZER_NONNULL = YES;
				CLANG_ANALYZER_NUMBER_OBJECT_CONVERSION = YES_AGGRESSIVE;
				CLANG_CXX_LANGUAGE_STANDARD = "gnu++20";
				CLANG_ENABLE_MODULES = YES;
				CLANG_ENABLE_OBJC_ARC = YES;
				CLANG_ENABLE_OBJC_WEAK = YES;
				CLANG_WARN_BLOCK_CAPTURE_AUTORELEASING = YES;
				CLANG_WARN_BOOL_CONVERSION = YES;
				CLANG_WARN_COMMA = YES;
				CLANG_WARN_CONSTANT_CONVERSION = YES;
				CLANG_WARN_DEPRECATED_OBJC_IMPLEMENTATIONS = YES;
				CLANG_WARN_DIRECT_OBJC_ISA_USAGE = YES_ERROR;
				CLANG_WARN_DOCUMENTATION_COMMENTS = YES;
				CLANG_WARN_EMPTY_BODY = YES;
				CLANG_WARN_ENUM_CONVERSION = YES;
				CLANG_WARN_INFINITE_RECURSION = YES;
				CLANG_WARN_INT_CONVERSION = YES;
				CLANG_WARN_NON_LITERAL_NULL_CONVERSION = YES;
				CLANG_WARN_OBJC_IMPLICIT_RETAIN_SELF = YES;
				CLANG_WARN_OBJC_LITERAL_CONVERSION = YES;
				CLANG_WARN_OBJC_ROOT_CLASS = YES_ERROR;
				CLANG_WARN_QUOTED_INCLUDE_IN_FRAMEWORK_HEADER = YES;
				CLANG_WARN_RANGE_LOOP_ANALYSIS = YES;
				CLANG_WARN_STRICT_PROTOTYPES = YES;
				CLANG_WARN_SUSPICIOUS_MOVE = YES;
				CLANG_WARN_UNGUARDED_AVAILABILITY = YES_AGGRESSIVE;
				CLANG_WARN_UNREACHABLE_CODE = YES;
				CLANG_WARN__DUPLICATE_METHOD_MATCH = YES;
				COPY_PHASE_STRIP = NO;
				DEBUG_INFORMATION_FORMAT = dwarf;
				ENABLE_STRICT_OBJC_MSGSEND = YES;
				ENABLE_TESTABILITY = YES;
				ENABLE_USER_SCRIPT_SANDBOXING = YES;
				GCC_C_LANGUAGE_STANDARD = gnu17;
				GCC_DYNAMIC_NO_PIC = NO;
				GCC_NO_COMMON_BLOCKS = YES;
				GCC_OPTIMIZATION_LEVEL = 0;
				GCC_PREPROCESSOR_DEFINITIONS = (
					"DEBUG=1",
					"$(inherited)",
				);
				GCC_WARN_64_TO_32_BIT_CONVERSION = YES;
				GCC_WARN_ABOUT_RETURN_TYPE = YES_ERROR;
				GCC_WARN_UNDECLARED_SELECTOR = YES;
				GCC_WARN_UNINITIALIZED_AUTOS = YES_AGGRESSIVE;
				GCC_WARN_UNUSED_FUNCTION = YES;
				GCC_WARN_UNUSED_VARIABLE = YES;
				IPHONEOS_DEPLOYMENT_TARGET = 17.4;
				LOCALIZATION_PREFERS_STRING_CATALOGS = YES;
				MTL_ENABLE_DEBUG_INFO = INCLUDE_SOURCE;
				MTL_FAST_MATH = YES;
				ONLY_ACTIVE_ARCH = YES;
				SDKROOT = iphoneos;
				SWIFT_ACTIVE_COMPILATION_CONDITIONS = "DEBUG $(inherited)";
				SWIFT_OPTIMIZATION_LEVEL = "-Onone";
			};
			name = Debug;
		};
		508E824C2BECA00600875A4A /* Release */ = {
			isa = XCBuildConfiguration;
			buildSettings = {
				ALWAYS_SEARCH_USER_PATHS = NO;
				ASSETCATALOG_COMPILER_GENERATE_SWIFT_ASSET_SYMBOL_EXTENSIONS = YES;
				CLANG_ANALYZER_NONNULL = YES;
				CLANG_ANALYZER_NUMBER_OBJECT_CONVERSION = YES_AGGRESSIVE;
				CLANG_CXX_LANGUAGE_STANDARD = "gnu++20";
				CLANG_ENABLE_MODULES = YES;
				CLANG_ENABLE_OBJC_ARC = YES;
				CLANG_ENABLE_OBJC_WEAK = YES;
				CLANG_WARN_BLOCK_CAPTURE_AUTORELEASING = YES;
				CLANG_WARN_BOOL_CONVERSION = YES;
				CLANG_WARN_COMMA = YES;
				CLANG_WARN_CONSTANT_CONVERSION = YES;
				CLANG_WARN_DEPRECATED_OBJC_IMPLEMENTATIONS = YES;
				CLANG_WARN_DIRECT_OBJC_ISA_USAGE = YES_ERROR;
				CLANG_WARN_DOCUMENTATION_COMMENTS = YES;
				CLANG_WARN_EMPTY_BODY = YES;
				CLANG_WARN_ENUM_CONVERSION = YES;
				CLANG_WARN_INFINITE_RECURSION = YES;
				CLANG_WARN_INT_CONVERSION = YES;
				CLANG_WARN_NON_LITERAL_NULL_CONVERSION = YES;
				CLANG_WARN_OBJC_IMPLICIT_RETAIN_SELF = YES;
				CLANG_WARN_OBJC_LITERAL_CONVERSION = YES;
				CLANG_WARN_OBJC_ROOT_CLASS = YES_ERROR;
				CLANG_WARN_QUOTED_INCLUDE_IN_FRAMEWORK_HEADER = YES;
				CLANG_WARN_RANGE_LOOP_ANALYSIS = YES;
				CLANG_WARN_STRICT_PROTOTYPES = YES;
				CLANG_WARN_SUSPICIOUS_MOVE = YES;
				CLANG_WARN_UNGUARDED_AVAILABILITY = YES_AGGRESSIVE;
				CLANG_WARN_UNREACHABLE_CODE = YES;
				CLANG_WARN__DUPLICATE_METHOD_MATCH = YES;
				COPY_PHASE_STRIP = NO;
				DEBUG_INFORMATION_FORMAT = "dwarf-with-dsym";
				ENABLE_NS_ASSERTIONS = NO;
				ENABLE_STRICT_OBJC_MSGSEND = YES;
				ENABLE_USER_SCRIPT_SANDBOXING = YES;
				GCC_C_LANGUAGE_STANDARD = gnu17;
				GCC_NO_COMMON_BLOCKS = YES;
				GCC_WARN_64_TO_32_BIT_CONVERSION = YES;
				GCC_WARN_ABOUT_RETURN_TYPE = YES_ERROR;
				GCC_WARN_UNDECLARED_SELECTOR = YES;
				GCC_WARN_UNINITIALIZED_AUTOS = YES_AGGRESSIVE;
				GCC_WARN_UNUSED_FUNCTION = YES;
				GCC_WARN_UNUSED_VARIABLE = YES;
				IPHONEOS_DEPLOYMENT_TARGET = 17.4;
				LOCALIZATION_PREFERS_STRING_CATALOGS = YES;
				MTL_ENABLE_DEBUG_INFO = NO;
				MTL_FAST_MATH = YES;
				SDKROOT = iphoneos;
				SWIFT_COMPILATION_MODE = wholemodule;
				VALIDATE_PRODUCT = YES;
			};
			name = Release;
		};
		508E824E2BECA00600875A4A /* Debug */ = {
			isa = XCBuildConfiguration;
			buildSettings = {
				ASSETCATALOG_COMPILER_APPICON_NAME = AppIcon;
				ASSETCATALOG_COMPILER_GLOBAL_ACCENT_COLOR_NAME = AccentColor;
				CODE_SIGN_STYLE = Automatic;
				CURRENT_PROJECT_VERSION = 1;
				GENERATE_INFOPLIST_FILE = YES;
				INFOPLIST_FILE = GodoyColeccionDeJuegos/Info.plist;
				INFOPLIST_KEY_UIApplicationSupportsIndirectInputEvents = YES;
				INFOPLIST_KEY_UILaunchStoryboardName = LaunchScreen;
				INFOPLIST_KEY_UIMainStoryboardFile = Main;
				INFOPLIST_KEY_UISupportedInterfaceOrientations_iPad = "UIInterfaceOrientationPortrait UIInterfaceOrientationPortraitUpsideDown UIInterfaceOrientationLandscapeLeft UIInterfaceOrientationLandscapeRight";
				INFOPLIST_KEY_UISupportedInterfaceOrientations_iPhone = "UIInterfaceOrientationPortrait UIInterfaceOrientationLandscapeLeft UIInterfaceOrientationLandscapeRight";
				LD_RUNPATH_SEARCH_PATHS = (
					"$(inherited)",
					"@executable_path/Frameworks",
				);
				MARKETING_VERSION = 1.0;
				PRODUCT_BUNDLE_IDENTIFIER = miempresa.com.GodoyColeccionDeJuegos;
				PRODUCT_NAME = "$(TARGET_NAME)";
				SWIFT_EMIT_LOC_STRINGS = YES;
				SWIFT_VERSION = 5.0;
				TARGETED_DEVICE_FAMILY = "1,2";
			};
			name = Debug;
		};
		508E824F2BECA00600875A4A /* Release */ = {
			isa = XCBuildConfiguration;
			buildSettings = {
				ASSETCATALOG_COMPILER_APPICON_NAME = AppIcon;
				ASSETCATALOG_COMPILER_GLOBAL_ACCENT_COLOR_NAME = AccentColor;
				CODE_SIGN_STYLE = Automatic;
				CURRENT_PROJECT_VERSION = 1;
				GENERATE_INFOPLIST_FILE = YES;
				INFOPLIST_FILE = GodoyColeccionDeJuegos/Info.plist;
				INFOPLIST_KEY_UIApplicationSupportsIndirectInputEvents = YES;
				INFOPLIST_KEY_UILaunchStoryboardName = LaunchScreen;
				INFOPLIST_KEY_UIMainStoryboardFile = Main;
				INFOPLIST_KEY_UISupportedInterfaceOrientations_iPad = "UIInterfaceOrientationPortrait UIInterfaceOrientationPortraitUpsideDown UIInterfaceOrientationLandscapeLeft UIInterfaceOrientationLandscapeRight";
				INFOPLIST_KEY_UISupportedInterfaceOrientations_iPhone = "UIInterfaceOrientationPortrait UIInterfaceOrientationLandscapeLeft UIInterfaceOrientationLandscapeRight";
				LD_RUNPATH_SEARCH_PATHS = (
					"$(inherited)",
					"@executable_path/Frameworks",
				);
				MARKETING_VERSION = 1.0;
				PRODUCT_BUNDLE_IDENTIFIER = miempresa.com.GodoyColeccionDeJuegos;
				PRODUCT_NAME = "$(TARGET_NAME)";
				SWIFT_EMIT_LOC_STRINGS = YES;
				SWIFT_VERSION = 5.0;
				TARGETED_DEVICE_FAMILY = "1,2";
			};
			name = Release;
		};
		508E82512BECA00600875A4A /* Debug */ = {
			isa = XCBuildConfiguration;
			buildSettings = {
				ALWAYS_EMBED_SWIFT_STANDARD_LIBRARIES = YES;
				BUNDLE_LOADER = "$(TEST_HOST)";
				CODE_SIGN_STYLE = Automatic;
				CURRENT_PROJECT_VERSION = 1;
				GENERATE_INFOPLIST_FILE = YES;
				IPHONEOS_DEPLOYMENT_TARGET = 17.4;
				MARKETING_VERSION = 1.0;
				PRODUCT_BUNDLE_IDENTIFIER = miempresa.com.GodoyColeccionDeJuegosTests;
				PRODUCT_NAME = "$(TARGET_NAME)";
				SWIFT_EMIT_LOC_STRINGS = NO;
				SWIFT_VERSION = 5.0;
				TARGETED_DEVICE_FAMILY = "1,2";
				TEST_HOST = "$(BUILT_PRODUCTS_DIR)/GodoyColeccionDeJuegos.app/$(BUNDLE_EXECUTABLE_FOLDER_PATH)/GodoyColeccionDeJuegos";
			};
			name = Debug;
		};
		508E82522BECA00600875A4A /* Release */ = {
			isa = XCBuildConfiguration;
			buildSettings = {
				ALWAYS_EMBED_SWIFT_STANDARD_LIBRARIES = YES;
				BUNDLE_LOADER = "$(TEST_HOST)";
				CODE_SIGN_STYLE = Automatic;
				CURRENT_PROJECT_VERSION = 1;
				GENERATE_INFOPLIST_FILE = YES;
				IPHONEOS_DEPLOYMENT_TARGET = 17.4;
				MARKETING_VERSION = 1.0;
				PRODUCT_BUNDLE_IDENTIFIER = miempresa.com.GodoyColeccionDeJuegosTests;
				PRODUCT_NAME = "$(TARGET_NAME)";
				SWIFT_EMIT_LOC_STRINGS = NO;
				SWIFT_VERSION = 5.0;
				TARGETED_DEVICE_FAMILY = "1,2";
				TEST_HOST = "$(BUILT_PRODUCTS_DIR)/GodoyColeccionDeJuegos.app/$(BUNDLE_EXECUTABLE_FOLDER_PATH)/GodoyColeccionDeJuegos";
			};
			name = Release;
		};
		508E82542BECA00600875A4A /* Debug */ = {
			isa = XCBuildConfiguration;
			buildSettings = {
				ALWAYS_EMBED_SWIFT_STANDARD_LIBRARIES = YES;
				CODE_SIGN_STYLE = Automatic;
				CURRENT_PROJECT_VERSION = 1;
				GENERATE_INFOPLIST_FILE = YES;
				MARKETING_VERSION = 1.0;
				PRODUCT_BUNDLE_IDENTIFIER = miempresa.com.GodoyColeccionDeJuegosUITests;
				PRODUCT_NAME = "$(TARGET_NAME)";
				SWIFT_EMIT_LOC_STRINGS = NO;
				SWIFT_VERSION = 5.0;
				TARGETED_DEVICE_FAMILY = "1,2";
				TEST_TARGET_NAME = GodoyColeccionDeJuegos;
			};
			name = Debug;
		};
		508E82552BECA00600875A4A /* Release */ = {
			isa = XCBuildConfiguration;
			buildSettings = {
				ALWAYS_EMBED_SWIFT_STANDARD_LIBRARIES = YES;
				CODE_SIGN_STYLE = Automatic;
				CURRENT_PROJECT_VERSION = 1;
				GENERATE_INFOPLIST_FILE = YES;
				MARKETING_VERSION = 1.0;
				PRODUCT_BUNDLE_IDENTIFIER = miempresa.com.GodoyColeccionDeJuegosUITests;
				PRODUCT_NAME = "$(TARGET_NAME)";
				SWIFT_EMIT_LOC_STRINGS = NO;
				SWIFT_VERSION = 5.0;
				TARGETED_DEVICE_FAMILY = "1,2";
				TEST_TARGET_NAME = GodoyColeccionDeJuegos;
			};
			name = Release;
		};
/* End XCBuildConfiguration section */

/* Begin XCConfigurationList section */
		508E821B2BECA00300875A4A /* Build configuration list for PBXProject "GodoyColeccionDeJuegos" */ = {
			isa = XCConfigurationList;
			buildConfigurations = (
				508E824B2BECA00600875A4A /* Debug */,
				508E824C2BECA00600875A4A /* Release */,
			);
			defaultConfigurationIsVisible = 0;
			defaultConfigurationName = Release;
		};
		508E824D2BECA00600875A4A /* Build configuration list for PBXNativeTarget "GodoyColeccionDeJuegos" */ = {
			isa = XCConfigurationList;
			buildConfigurations = (
				508E824E2BECA00600875A4A /* Debug */,
				508E824F2BECA00600875A4A /* Release */,
			);
			defaultConfigurationIsVisible = 0;
			defaultConfigurationName = Release;
		};
		508E82502BECA00600875A4A /* Build configuration list for PBXNativeTarget "GodoyColeccionDeJuegosTests" */ = {
			isa = XCConfigurationList;
			buildConfigurations = (
				508E82512BECA00600875A4A /* Debug */,
				508E82522BECA00600875A4A /* Release */,
			);
			defaultConfigurationIsVisible = 0;
			defaultConfigurationName = Release;
		};
		508E82532BECA00600875A4A /* Build configuration list for PBXNativeTarget "GodoyColeccionDeJuegosUITests" */ = {
			isa = XCConfigurationList;
			buildConfigurations = (
				508E82542BECA00600875A4A /* Debug */,
				508E82552BECA00600875A4A /* Release */,
			);
			defaultConfigurationIsVisible = 0;
			defaultConfigurationName = Release;
		};
/* End XCConfigurationList section */

/* Begin XCVersionGroup section */
		508E822C2BECA00300875A4A /* GodoyColeccionDeJuegos.xcdatamodeld */ = {
			isa = XCVersionGroup;
			children = (
				508E822D2BECA00300875A4A /* GodoyColeccionDeJuegos.xcdatamodel */,
			);
			currentVersion = 508E822D2BECA00300875A4A /* GodoyColeccionDeJuegos.xcdatamodel */;
			path = GodoyColeccionDeJuegos.xcdatamodeld;
			sourceTree = "<group>";
			versionGroupType = wrapper.xcdatamodel;
		};
/* End XCVersionGroup section */
	};
	rootObject = 508E82182BECA00300875A4A /* Project object */;
}
